{
  "object": {
    "pins": [
      {
        "package": "MagazineLayout",
        "repositoryURL": "https://github.com/airbnb/MagazineLayout",
        "state": {
          "branch": null,
          "revision": "94bdfa8d3b772b194a822ed12b996c346a1c4042",
          "version": "1.5.4"
        }
      }
    ]
  },
  "version": 1
}
