{
  "pins" : [
    {
      "identity" : "magazinelayout",
      "kind" : "remoteSourceControl",
      "location" : "https://github.com/airbnb/MagazineLayout",
      "state" : {
        "revision" : "8cb3e72038b056317c8402d9ad52fb1c7dbd68db",
        "version" : "1.6.11"
      }
    }
  ],
  "version" : 2
}
